
Microsoft Visual Studio Solution File, Format Version 12.00
# Visual Studio 15
VisualStudioVersion = 15.0.27004.2009
MinimumVisualStudioVersion = 10.0.40219.1
Project("{FAE04EC0-301F-11D3-BF4B-00C04F79EFBC}") = "A_Presentacion", "A_Presentacion\A_Presentacion.csproj", "{32315C86-52C3-4527-AC4E-27DE02B95713}"
EndProject
Project("{FAE04EC0-301F-11D3-BF4B-00C04F79EFBC}") = "B_Fachada", "B_Fachada\B_Fachada.csproj", "{5DBB4F30-919E-40E4-8FCB-41E809BE2644}"
EndProject
Project("{FAE04EC0-301F-11D3-BF4B-00C04F79EFBC}") = "C_LogicaNegocio", "C_LogicaNegocio\C_LogicaNegocio.csproj", "{90A64DC1-1F07-4090-92A6-ADBFFC89809B}"
EndProject
Project("{FAE04EC0-301F-11D3-BF4B-00C04F79EFBC}") = "D_Entidades", "D_Entidades\D_Entidades.csproj", "{D35BF1C1-EB38-4196-8BC8-AC625BB7F24B}"
EndProject
Project("{FAE04EC0-301F-11D3-BF4B-00C04F79EFBC}") = "UnitTest", "UnitTest\UnitTest.csproj", "{B7D9D6C3-DCFC-4DF0-9E29-DD957C1A7EB1}"
EndProject
Global
	GlobalSection(SolutionConfigurationPlatforms) = preSolution
		Debug|Any CPU = Debug|Any CPU
		Release|Any CPU = Release|Any CPU
	EndGlobalSection
	GlobalSection(ProjectConfigurationPlatforms) = postSolution
		{32315C86-52C3-4527-AC4E-27DE02B95713}.Debug|Any CPU.ActiveCfg = Debug|Any CPU
		{32315C86-52C3-4527-AC4E-27DE02B95713}.Debug|Any CPU.Build.0 = Debug|Any CPU
		{32315C86-52C3-4527-AC4E-27DE02B95713}.Release|Any CPU.ActiveCfg = Release|Any CPU
		{32315C86-52C3-4527-AC4E-27DE02B95713}.Release|Any CPU.Build.0 = Release|Any CPU
		{5DBB4F30-919E-40E4-8FCB-41E809BE2644}.Debug|Any CPU.ActiveCfg = Debug|Any CPU
		{5DBB4F30-919E-40E4-8FCB-41E809BE2644}.Debug|Any CPU.Build.0 = Debug|Any CPU
		{5DBB4F30-919E-40E4-8FCB-41E809BE2644}.Release|Any CPU.ActiveCfg = Release|Any CPU
		{5DBB4F30-919E-40E4-8FCB-41E809BE2644}.Release|Any CPU.Build.0 = Release|Any CPU
		{90A64DC1-1F07-4090-92A6-ADBFFC89809B}.Debug|Any CPU.ActiveCfg = Debug|Any CPU
		{90A64DC1-1F07-4090-92A6-ADBFFC89809B}.Debug|Any CPU.Build.0 = Debug|Any CPU
		{90A64DC1-1F07-4090-92A6-ADBFFC89809B}.Release|Any CPU.ActiveCfg = Release|Any CPU
		{90A64DC1-1F07-4090-92A6-ADBFFC89809B}.Release|Any CPU.Build.0 = Release|Any CPU
		{D35BF1C1-EB38-4196-8BC8-AC625BB7F24B}.Debug|Any CPU.ActiveCfg = Debug|Any CPU
		{D35BF1C1-EB38-4196-8BC8-AC625BB7F24B}.Debug|Any CPU.Build.0 = Debug|Any CPU
		{D35BF1C1-EB38-4196-8BC8-AC625BB7F24B}.Release|Any CPU.ActiveCfg = Release|Any CPU
		{D35BF1C1-EB38-4196-8BC8-AC625BB7F24B}.Release|Any CPU.Build.0 = Release|Any CPU
		{B7D9D6C3-DCFC-4DF0-9E29-DD957C1A7EB1}.Debug|Any CPU.ActiveCfg = Debug|Any CPU
		{B7D9D6C3-DCFC-4DF0-9E29-DD957C1A7EB1}.Debug|Any CPU.Build.0 = Debug|Any CPU
		{B7D9D6C3-DCFC-4DF0-9E29-DD957C1A7EB1}.Release|Any CPU.ActiveCfg = Release|Any CPU
		{B7D9D6C3-DCFC-4DF0-9E29-DD957C1A7EB1}.Release|Any CPU.Build.0 = Release|Any CPU
	EndGlobalSection
	GlobalSection(SolutionProperties) = preSolution
		HideSolutionNode = FALSE
	EndGlobalSection
	GlobalSection(ExtensibilityGlobals) = postSolution
		SolutionGuid = {13074DDF-366E-4946-A35C-34C993F6957F}
	EndGlobalSection
EndGlobal
